// !$*UTF8*$!
{
	archiveVersion = 1;
	classes = {
	};
	objectVersion = 55;
	objects = {

/* Begin PBXBuildFile section */
		43F8B20D28E439EC00924A6E /* AppDelegate.swift in Sources */ = {isa = PBXBuildFile; fileRef = 43F8B20C28E439EC00924A6E /* AppDelegate.swift */; };
		43F8B20F28E439EC00924A6E /* SceneDelegate.swift in Sources */ = {isa = PBXBuildFile; fileRef = 43F8B20E28E439EC00924A6E /* SceneDelegate.swift */; };
		43F8B21128E439EC00924A6E /* ViewController.swift in Sources */ = {isa = PBXBuildFile; fileRef = 43F8B21028E439EC00924A6E /* ViewController.swift */; };
		43F8B21428E439EC00924A6E /* Main.storyboard in Resources */ = {isa = PBXBuildFile; fileRef = 43F8B21228E439EC00924A6E /* Main.storyboard */; };
		43F8B21628E439EE00924A6E /* Assets.xcassets in Resources */ = {isa = PBXBuildFile; fileRef = 43F8B21528E439EE00924A6E /* Assets.xcassets */; };
		43F8B21928E439EE00924A6E /* LaunchScreen.storyboard in Resources */ = {isa = PBXBuildFile; fileRef = 43F8B21728E439EE00924A6E /* LaunchScreen.storyboard */; };
		43F8B22428E439EE00924A6E /* JustASwiftAppTests.swift in Sources */ = {isa = PBXBuildFile; fileRef = 43F8B22328E439EE00924A6E /* JustASwiftAppTests.swift */; };
		43F8B22E28E439EE00924A6E /* JustASwiftAppUITests.swift in Sources */ = {isa = PBXBuildFile; fileRef = 43F8B22D28E439EE00924A6E /* JustASwiftAppUITests.swift */; };
		43F8B23028E439EE00924A6E /* JustASwiftAppUITestsLaunchTests.swift in Sources */ = {isa = PBXBuildFile; fileRef = 43F8B22F28E439EE00924A6E /* JustASwiftAppUITestsLaunchTests.swift */; };
		43F8B23D28EEA46100924A6E /* ic_address_off.png in Resources */ = {isa = PBXBuildFile; fileRef = 43F8B23C28EEA46100924A6E /* ic_address_off.png */; };
		43F8B23F28EEA47400924A6E /* ic_address_on.png in Resources */ = {isa = PBXBuildFile; fileRef = 43F8B23E28EEA47400924A6E /* ic_address_on.png */; };
/* End PBXBuildFile section */

/* Begin PBXContainerItemProxy section */
		43F8B22028E439EE00924A6E /* PBXContainerItemProxy */ = {
			isa = PBXContainerItemProxy;
			containerPortal = 43F8B20128E439EC00924A6E /* Project object */;
			proxyType = 1;
			remoteGlobalIDString = 43F8B20828E439EC00924A6E;
			remoteInfo = JustASwiftApp;
		};
		43F8B22A28E439EE00924A6E /* PBXContainerItemProxy */ = {
			isa = PBXContainerItemProxy;
			containerPortal = 43F8B20128E439EC00924A6E /* Project object */;
			proxyType = 1;
			remoteGlobalIDString = 43F8B20828E439EC00924A6E;
			remoteInfo = JustASwiftApp;
		};
/* End PBXContainerItemProxy section */

/* Begin PBXFileReference section */
		43F8B20928E439EC00924A6E /* JustASwiftApp.app */ = {isa = PBXFileReference; explicitFileType = wrapper.application; includeInIndex = 0; path = JustASwiftApp.app; sourceTree = BUILT_PRODUCTS_DIR; };
		43F8B20C28E439EC00924A6E /* AppDelegate.swift */ = {isa = PBXFileReference; lastKnownFileType = sourcecode.swift; path = AppDelegate.swift; sourceTree = "<group>"; };
		43F8B20E28E439EC00924A6E /* SceneDelegate.swift */ = {isa = PBXFileReference; lastKnownFileType = sourcecode.swift; path = SceneDelegate.swift; sourceTree = "<group>"; };
		43F8B21028E439EC00924A6E /* ViewController.swift */ = {isa = PBXFileReference; lastKnownFileType = sourcecode.swift; path = ViewController.swift; sourceTree = "<group>"; };
		43F8B21328E439EC00924A6E /* Base */ = {isa = PBXFileReference; lastKnownFileType = file.storyboard; name = Base; path = Base.lproj/Main.storyboard; sourceTree = "<group>"; };
		43F8B21528E439EE00924A6E /* Assets.xcassets */ = {isa = PBXFileReference; lastKnownFileType = folder.assetcatalog; path = Assets.xcassets; sourceTree = "<group>"; };
		43F8B21828E439EE00924A6E /* Base */ = {isa = PBXFileReference; lastKnownFileType = file.storyboard; name = Base; path = Base.lproj/LaunchScreen.storyboard; sourceTree = "<group>"; };
		43F8B21A28E439EE00924A6E /* Info.plist */ = {isa = PBXFileReference; lastKnownFileType = text.plist.xml; path = Info.plist; sourceTree = "<group>"; };
		43F8B21F28E439EE00924A6E /* JustASwiftAppTests.xctest */ = {isa = PBXFileReference; explicitFileType = wrapper.cfbundle; includeInIndex = 0; path = JustASwiftAppTests.xctest; sourceTree = BUILT_PRODUCTS_DIR; };
		43F8B22328E439EE00924A6E /* JustASwiftAppTests.swift */ = {isa = PBXFileReference; lastKnownFileType = sourcecode.swift; path = JustASwiftAppTests.swift; sourceTree = "<group>"; };
		43F8B22928E439EE00924A6E /* JustASwiftAppUITests.xctest */ = {isa = PBXFileReference; explicitFileType = wrapper.cfbundle; includeInIndex = 0; path = JustASwiftAppUITests.xctest; sourceTree = BUILT_PRODUCTS_DIR; };
		43F8B22D28E439EE00924A6E /* JustASwiftAppUITests.swift */ = {isa = PBXFileReference; lastKnownFileType = sourcecode.swift; path = JustASwiftAppUITests.swift; sourceTree = "<group>"; };
		43F8B22F28E439EE00924A6E /* JustASwiftAppUITestsLaunchTests.swift */ = {isa = PBXFileReference; lastKnownFileType = sourcecode.swift; path = JustASwiftAppUITestsLaunchTests.swift; sourceTree = "<group>"; };
		43F8B23C28EEA46100924A6E /* ic_address_off.png */ = {isa = PBXFileReference; lastKnownFileType = image.png; path = ic_address_off.png; sourceTree = "<group>"; };
		43F8B23E28EEA47400924A6E /* ic_address_on.png */ = {isa = PBXFileReference; lastKnownFileType = image.png; path = ic_address_on.png; sourceTree = "<group>"; };
/* End PBXFileReference section */

/* Begin PBXFrameworksBuildPhase section */
		43F8B20628E439EC00924A6E /* Frameworks */ = {
			isa = PBXFrameworksBuildPhase;
			buildActionMask = 2147483647;
			files = (
			);
			runOnlyForDeploymentPostprocessing = 0;
		};
		43F8B21C28E439EE00924A6E /* Frameworks */ = {
			isa = PBXFrameworksBuildPhase;
			buildActionMask = 2147483647;
			files = (
			);
			runOnlyForDeploymentPostprocessing = 0;
		};
		43F8B22628E439EE00924A6E /* Frameworks */ = {
			isa = PBXFrameworksBuildPhase;
			buildActionMask = 2147483647;
			files = (
			);
			runOnlyForDeploymentPostprocessing = 0;
		};
/* End PBXFrameworksBuildPhase section */

/* Begin PBXGroup section */
		43F8B20028E439EC00924A6E = {
			isa = PBXGroup;
			children = (
				43F8B20B28E439EC00924A6E /* JustASwiftApp */,
				43F8B22228E439EE00924A6E /* JustASwiftAppTests */,
				43F8B22C28E439EE00924A6E /* JustASwiftAppUITests */,
				43F8B20A28E439EC00924A6E /* Products */,
			);
			sourceTree = "<group>";
		};
		43F8B20A28E439EC00924A6E /* Products */ = {
			isa = PBXGroup;
			children = (
				43F8B20928E439EC00924A6E /* JustASwiftApp.app */,
				43F8B21F28E439EE00924A6E /* JustASwiftAppTests.xctest */,
				43F8B22928E439EE00924A6E /* JustASwiftAppUITests.xctest */,
			);
			name = Products;
			sourceTree = "<group>";
		};
		43F8B20B28E439EC00924A6E /* JustASwiftApp */ = {
			isa = PBXGroup;
			children = (
				43F8B20C28E439EC00924A6E /* AppDelegate.swift */,
				43F8B20E28E439EC00924A6E /* SceneDelegate.swift */,
				43F8B21028E439EC00924A6E /* ViewController.swift */,
				43F8B21228E439EC00924A6E /* Main.storyboard */,
				43F8B23E28EEA47400924A6E /* ic_address_on.png */,
				43F8B23C28EEA46100924A6E /* ic_address_off.png */,
				43F8B21528E439EE00924A6E /* Assets.xcassets */,
				43F8B21728E439EE00924A6E /* LaunchScreen.storyboard */,
				43F8B21A28E439EE00924A6E /* Info.plist */,
			);
			path = JustASwiftApp;
			sourceTree = "<group>";
		};
		43F8B22228E439EE00924A6E /* JustASwiftAppTests */ = {
			isa = PBXGroup;
			children = (
				43F8B22328E439EE00924A6E /* JustASwiftAppTests.swift */,
			);
			path = JustASwiftAppTests;
			sourceTree = "<group>";
		};
		43F8B22C28E439EE00924A6E /* JustASwiftAppUITests */ = {
			isa = PBXGroup;
			children = (
				43F8B22D28E439EE00924A6E /* JustASwiftAppUITests.swift */,
				43F8B22F28E439EE00924A6E /* JustASwiftAppUITestsLaunchTests.swift */,
			);
			path = JustASwiftAppUITests;
			sourceTree = "<group>";
		};
/* End PBXGroup section */

/* Begin PBXNativeTarget section */
		43F8B20828E439EC00924A6E /* JustASwiftApp */ = {
			isa = PBXNativeTarget;
			buildConfigurationList = 43F8B23328E439EE00924A6E /* Build configuration list for PBXNativeTarget "JustASwiftApp" */;
			buildPhases = (
				43F8B20528E439EC00924A6E /* Sources */,
				43F8B20628E439EC00924A6E /* Frameworks */,
				43F8B20728E439EC00924A6E /* Resources */,
			);
			buildRules = (
			);
			dependencies = (
			);
			name = JustASwiftApp;
			productName = JustASwiftApp;
			productReference = 43F8B20928E439EC00924A6E /* JustASwiftApp.app */;
			productType = "com.apple.product-type.application";
		};
		43F8B21E28E439EE00924A6E /* JustASwiftAppTests */ = {
			isa = PBXNativeTarget;
			buildConfigurationList = 43F8B23628E439EE00924A6E /* Build configuration list for PBXNativeTarget "JustASwiftAppTests" */;
			buildPhases = (
				43F8B21B28E439EE00924A6E /* Sources */,
				43F8B21C28E439EE00924A6E /* Frameworks */,
				43F8B21D28E439EE00924A6E /* Resources */,
			);
			buildRules = (
			);
			dependencies = (
				43F8B22128E439EE00924A6E /* PBXTargetDependency */,
			);
			name = JustASwiftAppTests;
			productName = JustASwiftAppTests;
			productReference = 43F8B21F28E439EE00924A6E /* JustASwiftAppTests.xctest */;
			productType = "com.apple.product-type.bundle.unit-test";
		};
		43F8B22828E439EE00924A6E /* JustASwiftAppUITests */ = {
			isa = PBXNativeTarget;
			buildConfigurationList = 43F8B23928E439EE00924A6E /* Build configuration list for PBXNativeTarget "JustASwiftAppUITests" */;
			buildPhases = (
				43F8B22528E439EE00924A6E /* Sources */,
				43F8B22628E439EE00924A6E /* Frameworks */,
				43F8B22728E439EE00924A6E /* Resources */,
			);
			buildRules = (
			);
			dependencies = (
				43F8B22B28E439EE00924A6E /* PBXTargetDependency */,
			);
			name = JustASwiftAppUITests;
			productName = JustASwiftAppUITests;
			productReference = 43F8B22928E439EE00924A6E /* JustASwiftAppUITests.xctest */;
			productType = "com.apple.product-type.bundle.ui-testing";
		};
/* End PBXNativeTarget section */

/* Begin PBXProject section */
		43F8B20128E439EC00924A6E /* Project object */ = {
			isa = PBXProject;
			attributes = {
				BuildIndependentTargetsInParallel = 1;
				LastSwiftUpdateCheck = 1340;
				LastUpgradeCheck = 1340;
				TargetAttributes = {
					43F8B20828E439EC00924A6E = {
						CreatedOnToolsVersion = 13.4.1;
					};
					43F8B21E28E439EE00924A6E = {
						CreatedOnToolsVersion = 13.4.1;
						TestTargetID = 43F8B20828E439EC00924A6E;
					};
					43F8B22828E439EE00924A6E = {
						CreatedOnToolsVersion = 13.4.1;
						TestTargetID = 43F8B20828E439EC00924A6E;
					};
				};
			};
			buildConfigurationList = 43F8B20428E439EC00924A6E /* Build configuration list for PBXProject "JustASwiftApp" */;
			compatibilityVersion = "Xcode 13.0";
			developmentRegion = en;
			hasScannedForEncodings = 0;
			knownRegions = (
				en,
				Base,
			);
			mainGroup = 43F8B20028E439EC00924A6E;
			productRefGroup = 43F8B20A28E439EC00924A6E /* Products */;
			projectDirPath = "";
			projectRoot = "";
			targets = (
				43F8B20828E439EC00924A6E /* JustASwiftApp */,
				43F8B21E28E439EE00924A6E /* JustASwiftAppTests */,
				43F8B22828E439EE00924A6E /* JustASwiftAppUITests */,
			);
		};
/* End PBXProject section */

/* Begin PBXResourcesBuildPhase section */
		43F8B20728E439EC00924A6E /* Resources */ = {
			isa = PBXResourcesBuildPhase;
			buildActionMask = 2147483647;
			files = (
				43F8B23D28EEA46100924A6E /* ic_address_off.png in Resources */,
				43F8B21928E439EE00924A6E /* LaunchScreen.storyboard in Resources */,
				43F8B21628E439EE00924A6E /* Assets.xcassets in Resources */,
				43F8B21428E439EC00924A6E /* Main.storyboard in Resources */,
				43F8B23F28EEA47400924A6E /* ic_address_on.png in Resources */,
			);
			runOnlyForDeploymentPostprocessing = 0;
		};
		43F8B21D28E439EE00924A6E /* Resources */ = {
			isa = PBXResourcesBuildPhase;
			buildActionMask = 2147483647;
			files = (
			);
			runOnlyForDeploymentPostprocessing = 0;
		};
		43F8B22728E439EE00924A6E /* Resources */ = {
			isa = PBXResourcesBuildPhase;
			buildActionMask = 2147483647;
			files = (
			);
			runOnlyForDeploymentPostprocessing = 0;
		};
/* End PBXResourcesBuildPhase section */

/* Begin PBXSourcesBuildPhase section */
		43F8B20528E439EC00924A6E /* Sources */ = {
			isa = PBXSourcesBuildPhase;
			buildActionMask = 2147483647;
			files = (
				43F8B21128E439EC00924A6E /* ViewController.swift in Sources */,
				43F8B20D28E439EC00924A6E /* AppDelegate.swift in Sources */,
				43F8B20F28E439EC00924A6E /* SceneDelegate.swift in Sources */,
			);
			runOnlyForDeploymentPostprocessing = 0;
		};
		43F8B21B28E439EE00924A6E /* Sources */ = {
			isa = PBXSourcesBuildPhase;
			buildActionMask = 2147483647;
			files = (
				43F8B22428E439EE00924A6E /* JustASwiftAppTests.swift in Sources */,
			);
			runOnlyForDeploymentPostprocessing = 0;
		};
		43F8B22528E439EE00924A6E /* Sources */ = {
			isa = PBXSourcesBuildPhase;
			buildActionMask = 2147483647;
			files = (
				43F8B23028E439EE00924A6E /* JustASwiftAppUITestsLaunchTests.swift in Sources */,
				43F8B22E28E439EE00924A6E /* JustASwiftAppUITests.swift in Sources */,
			);
			runOnlyForDeploymentPostprocessing = 0;
		};
/* End PBXSourcesBuildPhase section */

/* Begin PBXTargetDependency section */
		43F8B22128E439EE00924A6E /* PBXTargetDependency */ = {
			isa = PBXTargetDependency;
			target = 43F8B20828E439EC00924A6E /* JustASwiftApp */;
			targetProxy = 43F8B22028E439EE00924A6E /* PBXContainerItemProxy */;
		};
		43F8B22B28E439EE00924A6E /* PBXTargetDependency */ = {
			isa = PBXTargetDependency;
			target = 43F8B20828E439EC00924A6E /* JustASwiftApp */;
			targetProxy = 43F8B22A28E439EE00924A6E /* PBXContainerItemProxy */;
		};
/* End PBXTargetDependency section */

/* Begin PBXVariantGroup section */
		43F8B21228E439EC00924A6E /* Main.storyboard */ = {
			isa = PBXVariantGroup;
			children = (
				43F8B21328E439EC00924A6E /* Base */,
			);
			name = Main.storyboard;
			sourceTree = "<group>";
		};
		43F8B21728E439EE00924A6E /* LaunchScreen.storyboard */ = {
			isa = PBXVariantGroup;
			children = (
				43F8B21828E439EE00924A6E /* Base */,
			);
			name = LaunchScreen.storyboard;
			sourceTree = "<group>";
		};
/* End PBXVariantGroup section */

/* Begin XCBuildConfiguration section */
		43F8B23128E439EE00924A6E /* Debug */ = {
			isa = XCBuildConfiguration;
			buildSettings = {
				ALWAYS_SEARCH_USER_PATHS = NO;
				CLANG_ANALYZER_NONNULL = YES;
				CLANG_ANALYZER_NUMBER_OBJECT_CONVERSION = YES_AGGRESSIVE;
				CLANG_CXX_LANGUAGE_STANDARD = "gnu++17";
				CLANG_ENABLE_MODULES = YES;
				CLANG_ENABLE_OBJC_ARC = YES;
				CLANG_ENABLE_OBJC_WEAK = YES;
				CLANG_WARN_BLOCK_CAPTURE_AUTORELEASING = YES;
				CLANG_WARN_BOOL_CONVERSION = YES;
				CLANG_WARN_COMMA = YES;
				CLANG_WARN_CONSTANT_CONVERSION = YES;
				CLANG_WARN_DEPRECATED_OBJC_IMPLEMENTATIONS = YES;
				CLANG_WARN_DIRECT_OBJC_ISA_USAGE = YES_ERROR;
				CLANG_WARN_DOCUMENTATION_COMMENTS = YES;
				CLANG_WARN_EMPTY_BODY = YES;
				CLANG_WARN_ENUM_CONVERSION = YES;
				CLANG_WARN_INFINITE_RECURSION = YES;
				CLANG_WARN_INT_CONVERSION = YES;
				CLANG_WARN_NON_LITERAL_NULL_CONVERSION = YES;
				CLANG_WARN_OBJC_IMPLICIT_RETAIN_SELF = YES;
				CLANG_WARN_OBJC_LITERAL_CONVERSION = YES;
				CLANG_WARN_OBJC_ROOT_CLASS = YES_ERROR;
				CLANG_WARN_QUOTED_INCLUDE_IN_FRAMEWORK_HEADER = YES;
				CLANG_WARN_RANGE_LOOP_ANALYSIS = YES;
				CLANG_WARN_STRICT_PROTOTYPES = YES;
				CLANG_WARN_SUSPICIOUS_MOVE = YES;
				CLANG_WARN_UNGUARDED_AVAILABILITY = YES_AGGRESSIVE;
				CLANG_WARN_UNREACHABLE_CODE = YES;
				CLANG_WARN__DUPLICATE_METHOD_MATCH = YES;
				COPY_PHASE_STRIP = NO;
				DEBUG_INFORMATION_FORMAT = dwarf;
				ENABLE_STRICT_OBJC_MSGSEND = YES;
				ENABLE_TESTABILITY = YES;
				GCC_C_LANGUAGE_STANDARD = gnu11;
				GCC_DYNAMIC_NO_PIC = NO;
				GCC_NO_COMMON_BLOCKS = YES;
				GCC_OPTIMIZATION_LEVEL = 0;
				GCC_PREPROCESSOR_DEFINITIONS = (
					"DEBUG=1",
					"$(inherited)",
				);
				GCC_WARN_64_TO_32_BIT_CONVERSION = YES;
				GCC_WARN_ABOUT_RETURN_TYPE = YES_ERROR;
				GCC_WARN_UNDECLARED_SELECTOR = YES;
				GCC_WARN_UNINITIALIZED_AUTOS = YES_AGGRESSIVE;
				GCC_WARN_UNUSED_FUNCTION = YES;
				GCC_WARN_UNUSED_VARIABLE = YES;
				IPHONEOS_DEPLOYMENT_TARGET = 15.5;
				MTL_ENABLE_DEBUG_INFO = INCLUDE_SOURCE;
				MTL_FAST_MATH = YES;
				ONLY_ACTIVE_ARCH = YES;
				SDKROOT = iphoneos;
				SWIFT_ACTIVE_COMPILATION_CONDITIONS = DEBUG;
				SWIFT_OPTIMIZATION_LEVEL = "-Onone";
			};
			name = Debug;
		};
		43F8B23228E439EE00924A6E /* Release */ = {
			isa = XCBuildConfiguration;
			buildSettings = {
				ALWAYS_SEARCH_USER_PATHS = NO;
				CLANG_ANALYZER_NONNULL = YES;
				CLANG_ANALYZER_NUMBER_OBJECT_CONVERSION = YES_AGGRESSIVE;
				CLANG_CXX_LANGUAGE_STANDARD = "gnu++17";
				CLANG_ENABLE_MODULES = YES;
				CLANG_ENABLE_OBJC_ARC = YES;
				CLANG_ENABLE_OBJC_WEAK = YES;
				CLANG_WARN_BLOCK_CAPTURE_AUTORELEASING = YES;
				CLANG_WARN_BOOL_CONVERSION = YES;
				CLANG_WARN_COMMA = YES;
				CLANG_WARN_CONSTANT_CONVERSION = YES;
				CLANG_WARN_DEPRECATED_OBJC_IMPLEMENTATIONS = YES;
				CLANG_WARN_DIRECT_OBJC_ISA_USAGE = YES_ERROR;
				CLANG_WARN_DOCUMENTATION_COMMENTS = YES;
				CLANG_WARN_EMPTY_BODY = YES;
				CLANG_WARN_ENUM_CONVERSION = YES;
				CLANG_WARN_INFINITE_RECURSION = YES;
				CLANG_WARN_INT_CONVERSION = YES;
				CLANG_WARN_NON_LITERAL_NULL_CONVERSION = YES;
				CLANG_WARN_OBJC_IMPLICIT_RETAIN_SELF = YES;
				CLANG_WARN_OBJC_LITERAL_CONVERSION = YES;
				CLANG_WARN_OBJC_ROOT_CLASS = YES_ERROR;
				CLANG_WARN_QUOTED_INCLUDE_IN_FRAMEWORK_HEADER = YES;
				CLANG_WARN_RANGE_LOOP_ANALYSIS = YES;
				CLANG_WARN_STRICT_PROTOTYPES = YES;
				CLANG_WARN_SUSPICIOUS_MOVE = YES;
				CLANG_WARN_UNGUARDED_AVAILABILITY = YES_AGGRESSIVE;
				CLANG_WARN_UNREACHABLE_CODE = YES;
				CLANG_WARN__DUPLICATE_METHOD_MATCH = YES;
				COPY_PHASE_STRIP = NO;
				DEBUG_INFORMATION_FORMAT = "dwarf-with-dsym";
				ENABLE_NS_ASSERTIONS = NO;
				ENABLE_STRICT_OBJC_MSGSEND = YES;
				GCC_C_LANGUAGE_STANDARD = gnu11;
				GCC_NO_COMMON_BLOCKS = YES;
				GCC_WARN_64_TO_32_BIT_CONVERSION = YES;
				GCC_WARN_ABOUT_RETURN_TYPE = YES_ERROR;
				GCC_WARN_UNDECLARED_SELECTOR = YES;
				GCC_WARN_UNINITIALIZED_AUTOS = YES_AGGRESSIVE;
				GCC_WARN_UNUSED_FUNCTION = YES;
				GCC_WARN_UNUSED_VARIABLE = YES;
				IPHONEOS_DEPLOYMENT_TARGET = 15.5;
				MTL_ENABLE_DEBUG_INFO = NO;
				MTL_FAST_MATH = YES;
				SDKROOT = iphoneos;
				SWIFT_COMPILATION_MODE = wholemodule;
				SWIFT_OPTIMIZATION_LEVEL = "-O";
				VALIDATE_PRODUCT = YES;
			};
			name = Release;
		};
		43F8B23428E439EE00924A6E /* Debug */ = {
			isa = XCBuildConfiguration;
			buildSettings = {
				ASSETCATALOG_COMPILER_APPICON_NAME = AppIcon;
				ASSETCATALOG_COMPILER_GLOBAL_ACCENT_COLOR_NAME = AccentColor;
				CODE_SIGN_STYLE = Automatic;
				CURRENT_PROJECT_VERSION = 1;
				DEVELOPMENT_TEAM = A3NZ94JF5N;
				GENERATE_INFOPLIST_FILE = YES;
				INFOPLIST_FILE = JustASwiftApp/Info.plist;
				INFOPLIST_KEY_UIApplicationSupportsIndirectInputEvents = YES;
				INFOPLIST_KEY_UILaunchStoryboardName = LaunchScreen;
				INFOPLIST_KEY_UIMainStoryboardFile = Main;
				INFOPLIST_KEY_UISupportedInterfaceOrientations_iPad = "UIInterfaceOrientationPortrait UIInterfaceOrientationPortraitUpsideDown UIInterfaceOrientationLandscapeLeft UIInterfaceOrientationLandscapeRight";
				INFOPLIST_KEY_UISupportedInterfaceOrientations_iPhone = "UIInterfaceOrientationPortrait UIInterfaceOrientationLandscapeLeft UIInterfaceOrientationLandscapeRight";
				LD_RUNPATH_SEARCH_PATHS = (
					"$(inherited)",
					"@executable_path/Frameworks",
				);
				MARKETING_VERSION = 1.0;
				PRODUCT_BUNDLE_IDENTIFIER = com.atomrigs.JustASwiftApp;
				PRODUCT_NAME = "$(TARGET_NAME)";
				SWIFT_EMIT_LOC_STRINGS = YES;
				SWIFT_VERSION = 5.0;
				TARGETED_DEVICE_FAMILY = "1,2";
			};
			name = Debug;
		};
		43F8B23528E439EE00924A6E /* Release */ = {
			isa = XCBuildConfiguration;
			buildSettings = {
				ASSETCATALOG_COMPILER_APPICON_NAME = AppIcon;
				ASSETCATALOG_COMPILER_GLOBAL_ACCENT_COLOR_NAME = AccentColor;
				CODE_SIGN_STYLE = Automatic;
				CURRENT_PROJECT_VERSION = 1;
				DEVELOPMENT_TEAM = A3NZ94JF5N;
				GENERATE_INFOPLIST_FILE = YES;
				INFOPLIST_FILE = JustASwiftApp/Info.plist;
				INFOPLIST_KEY_UIApplicationSupportsIndirectInputEvents = YES;
				INFOPLIST_KEY_UILaunchStoryboardName = LaunchScreen;
				INFOPLIST_KEY_UIMainStoryboardFile = Main;
				INFOPLIST_KEY_UISupportedInterfaceOrientations_iPad = "UIInterfaceOrientationPortrait UIInterfaceOrientationPortraitUpsideDown UIInterfaceOrientationLandscapeLeft UIInterfaceOrientationLandscapeRight";
				INFOPLIST_KEY_UISupportedInterfaceOrientations_iPhone = "UIInterfaceOrientationPortrait UIInterfaceOrientationLandscapeLeft UIInterfaceOrientationLandscapeRight";
				LD_RUNPATH_SEARCH_PATHS = (
					"$(inherited)",
					"@executable_path/Frameworks",
				);
				MARKETING_VERSION = 1.0;
				PRODUCT_BUNDLE_IDENTIFIER = com.atomrigs.JustASwiftApp;
				PRODUCT_NAME = "$(TARGET_NAME)";
				SWIFT_EMIT_LOC_STRINGS = YES;
				SWIFT_VERSION = 5.0;
				TARGETED_DEVICE_FAMILY = "1,2";
			};
			name = Release;
		};
		43F8B23728E439EE00924A6E /* Debug */ = {
			isa = XCBuildConfiguration;
			buildSettings = {
				ALWAYS_EMBED_SWIFT_STANDARD_LIBRARIES = YES;
				BUNDLE_LOADER = "$(TEST_HOST)";
				CODE_SIGN_STYLE = Automatic;
				CURRENT_PROJECT_VERSION = 1;
				DEVELOPMENT_TEAM = A3NZ94JF5N;
				GENERATE_INFOPLIST_FILE = YES;
				IPHONEOS_DEPLOYMENT_TARGET = 15.5;
				MARKETING_VERSION = 1.0;
				PRODUCT_BUNDLE_IDENTIFIER = com.atomrigs.JustASwiftAppTests;
				PRODUCT_NAME = "$(TARGET_NAME)";
				SWIFT_EMIT_LOC_STRINGS = NO;
				SWIFT_VERSION = 5.0;
				TARGETED_DEVICE_FAMILY = "1,2";
				TEST_HOST = "$(BUILT_PRODUCTS_DIR)/JustASwiftApp.app/JustASwiftApp";
			};
			name = Debug;
		};
		43F8B23828E439EE00924A6E /* Release */ = {
			isa = XCBuildConfiguration;
			buildSettings = {
				ALWAYS_EMBED_SWIFT_STANDARD_LIBRARIES = YES;
				BUNDLE_LOADER = "$(TEST_HOST)";
				CODE_SIGN_STYLE = Automatic;
				CURRENT_PROJECT_VERSION = 1;
				DEVELOPMENT_TEAM = A3NZ94JF5N;
				GENERATE_INFOPLIST_FILE = YES;
				IPHONEOS_DEPLOYMENT_TARGET = 15.5;
				MARKETING_VERSION = 1.0;
				PRODUCT_BUNDLE_IDENTIFIER = com.atomrigs.JustASwiftAppTests;
				PRODUCT_NAME = "$(TARGET_NAME)";
				SWIFT_EMIT_LOC_STRINGS = NO;
				SWIFT_VERSION = 5.0;
				TARGETED_DEVICE_FAMILY = "1,2";
				TEST_HOST = "$(BUILT_PRODUCTS_DIR)/JustASwiftApp.app/JustASwiftApp";
			};
			name = Release;
		};
		43F8B23A28E439EE00924A6E /* Debug */ = {
			isa = XCBuildConfiguration;
			buildSettings = {
				ALWAYS_EMBED_SWIFT_STANDARD_LIBRARIES = YES;
				CODE_SIGN_STYLE = Automatic;
				CURRENT_PROJECT_VERSION = 1;
				DEVELOPMENT_TEAM = A3NZ94JF5N;
				GENERATE_INFOPLIST_FILE = YES;
				MARKETING_VERSION = 1.0;
				PRODUCT_BUNDLE_IDENTIFIER = com.atomrigs.JustASwiftAppUITests;
				PRODUCT_NAME = "$(TARGET_NAME)";
				SWIFT_EMIT_LOC_STRINGS = NO;
				SWIFT_VERSION = 5.0;
				TARGETED_DEVICE_FAMILY = "1,2";
				TEST_TARGET_NAME = JustASwiftApp;
			};
			name = Debug;
		};
		43F8B23B28E439EE00924A6E /* Release */ = {
			isa = XCBuildConfiguration;
			buildSettings = {
				ALWAYS_EMBED_SWIFT_STANDARD_LIBRARIES = YES;
				CODE_SIGN_STYLE = Automatic;
				CURRENT_PROJECT_VERSION = 1;
				DEVELOPMENT_TEAM = A3NZ94JF5N;
				GENERATE_INFOPLIST_FILE = YES;
				MARKETING_VERSION = 1.0;
				PRODUCT_BUNDLE_IDENTIFIER = com.atomrigs.JustASwiftAppUITests;
				PRODUCT_NAME = "$(TARGET_NAME)";
				SWIFT_EMIT_LOC_STRINGS = NO;
				SWIFT_VERSION = 5.0;
				TARGETED_DEVICE_FAMILY = "1,2";
				TEST_TARGET_NAME = JustASwiftApp;
			};
			name = Release;
		};
/* End XCBuildConfiguration section */

/* Begin XCConfigurationList section */
		43F8B20428E439EC00924A6E /* Build configuration list for PBXProject "JustASwiftApp" */ = {
			isa = XCConfigurationList;
			buildConfigurations = (
				43F8B23128E439EE00924A6E /* Debug */,
				43F8B23228E439EE00924A6E /* Release */,
			);
			defaultConfigurationIsVisible = 0;
			defaultConfigurationName = Release;
		};
		43F8B23328E439EE00924A6E /* Build configuration list for PBXNativeTarget "JustASwiftApp" */ = {
			isa = XCConfigurationList;
			buildConfigurations = (
				43F8B23428E439EE00924A6E /* Debug */,
				43F8B23528E439EE00924A6E /* Release */,
			);
			defaultConfigurationIsVisible = 0;
			defaultConfigurationName = Release;
		};
		43F8B23628E439EE00924A6E /* Build configuration list for PBXNativeTarget "JustASwiftAppTests" */ = {
			isa = XCConfigurationList;
			buildConfigurations = (
				43F8B23728E439EE00924A6E /* Debug */,
				43F8B23828E439EE00924A6E /* Release */,
			);
			defaultConfigurationIsVisible = 0;
			defaultConfigurationName = Release;
		};
		43F8B23928E439EE00924A6E /* Build configuration list for PBXNativeTarget "JustASwiftAppUITests" */ = {
			isa = XCConfigurationList;
			buildConfigurations = (
				43F8B23A28E439EE00924A6E /* Debug */,
				43F8B23B28E439EE00924A6E /* Release */,
			);
			defaultConfigurationIsVisible = 0;
			defaultConfigurationName = Release;
		};
/* End XCConfigurationList section */
	};
	rootObject = 43F8B20128E439EC00924A6E /* Project object */;
}
